
Microsoft Visual Studio Solution File, Format Version 12.00
# Visual Studio Version 17
VisualStudioVersion = 17.3.32929.385
MinimumVisualStudioVersion = 10.0.40219.1
Project("{FAE04EC0-301F-11D3-BF4B-00C04F79EFBC}") = "ReceiptPrize", "ReceiptPrize\ReceiptPrize.csproj", "{2496C919-1C8D-49CE-968E-0234561B9E16}"
EndProject
Project("{FAE04EC0-301F-11D3-BF4B-00C04F79EFBC}") = "ReceiptPrize.Tests", "ReceiptPrize.Tests\ReceiptPrize.Tests.csproj", "{F53927CF-35B1-4FC8-8012-6FBFAE60E4C0}"
EndProject
Global
	GlobalSection(SolutionConfigurationPlatforms) = preSolution
		Debug|Any CPU = Debug|Any CPU
		Release|Any CPU = Release|Any CPU
	EndGlobalSection
	GlobalSection(ProjectConfigurationPlatforms) = postSolution
		{2496C919-1C8D-49CE-968E-0234561B9E16}.Debug|Any CPU.ActiveCfg = Debug|Any CPU
		{2496C919-1C8D-49CE-968E-0234561B9E16}.Debug|Any CPU.Build.0 = Debug|Any CPU
		{2496C919-1C8D-49CE-968E-0234561B9E16}.Release|Any CPU.ActiveCfg = Release|Any CPU
		{2496C919-1C8D-49CE-968E-0234561B9E16}.Release|Any CPU.Build.0 = Release|Any CPU
		{F53927CF-35B1-4FC8-8012-6FBFAE60E4C0}.Debug|Any CPU.ActiveCfg = Debug|Any CPU
		{F53927CF-35B1-4FC8-8012-6FBFAE60E4C0}.Debug|Any CPU.Build.0 = Debug|Any CPU
		{F53927CF-35B1-4FC8-8012-6FBFAE60E4C0}.Release|Any CPU.ActiveCfg = Release|Any CPU
		{F53927CF-35B1-4FC8-8012-6FBFAE60E4C0}.Release|Any CPU.Build.0 = Release|Any CPU
	EndGlobalSection
	GlobalSection(SolutionProperties) = preSolution
		HideSolutionNode = FALSE
	EndGlobalSection
	GlobalSection(ExtensibilityGlobals) = postSolution
		SolutionGuid = {54AA380D-09DD-45B8-8CC2-C703DE522DCF}
	EndGlobalSection
EndGlobal
